
Microsoft Visual Studio Solution File, Format Version 12.00
Project("{FAE04EC0-301F-11D3-BF4B-00C04F79EFBC}") = "BeePunFinder", "BeePunFinder\BeePunFinder.csproj", "{B8508F02-BD83-4B68-BA09-5538C59ECB95}"
EndProject
Global
	GlobalSection(SolutionConfigurationPlatforms) = preSolution
		Debug|Any CPU = Debug|Any CPU
		Release|Any CPU = Release|Any CPU
	EndGlobalSection
	GlobalSection(ProjectConfigurationPlatforms) = postSolution
		{B8508F02-BD83-4B68-BA09-5538C59ECB95}.Debug|Any CPU.ActiveCfg = Debug|Any CPU
		{B8508F02-BD83-4B68-BA09-5538C59ECB95}.Debug|Any CPU.Build.0 = Debug|Any CPU
		{B8508F02-BD83-4B68-BA09-5538C59ECB95}.Release|Any CPU.ActiveCfg = Release|Any CPU
		{B8508F02-BD83-4B68-BA09-5538C59ECB95}.Release|Any CPU.Build.0 = Release|Any CPU
	EndGlobalSection
EndGlobal
